
Microsoft Visual Studio Solution File, Format Version 12.00
# Visual Studio Version 17
VisualStudioVersion = 17.4.33205.214
MinimumVisualStudioVersion = 10.0.40219.1
Project("{FAE04EC0-301F-11D3-BF4B-00C04F79EFBC}") = "ShopTaskWPF", "ShopTaskWPF\ShopTaskWPF.csproj", "{2B331FCB-9C6A-43AC-8E6F-BB05E7AF60E5}"
EndProject
Global
	GlobalSection(SolutionConfigurationPlatforms) = preSolution
		Debug|Any CPU = Debug|Any CPU
		Release|Any CPU = Release|Any CPU
	EndGlobalSection
	GlobalSection(ProjectConfigurationPlatforms) = postSolution
		{2B331FCB-9C6A-43AC-8E6F-BB05E7AF60E5}.Debug|Any CPU.ActiveCfg = Debug|Any CPU
		{2B331FCB-9C6A-43AC-8E6F-BB05E7AF60E5}.Debug|Any CPU.Build.0 = Debug|Any CPU
		{2B331FCB-9C6A-43AC-8E6F-BB05E7AF60E5}.Release|Any CPU.ActiveCfg = Release|Any CPU
		{2B331FCB-9C6A-43AC-8E6F-BB05E7AF60E5}.Release|Any CPU.Build.0 = Release|Any CPU
	EndGlobalSection
	GlobalSection(SolutionProperties) = preSolution
		HideSolutionNode = FALSE
	EndGlobalSection
	GlobalSection(ExtensibilityGlobals) = postSolution
		SolutionGuid = {0E5B250A-A9E7-4980-AEA1-81363DDA6794}
	EndGlobalSection
EndGlobal
